// !$*UTF8*$!
{
	archiveVersion = 1;
	classes = {
	};
	objectVersion = 54;
	objects = {

/* Begin PBXBuildFile section */
		3A2A7C1621E7805D0083CB13 /* go-back-left-arrow.png in Resources */ = {isa = PBXBuildFile; fileRef = 3A2A7C1121E7805D0083CB13 /* go-back-left-arrow.png */; };
		3A2A7C1721E7805D0083CB13 /* house-outline.png in Resources */ = {isa = PBXBuildFile; fileRef = 3A2A7C1221E7805D0083CB13 /* house-outline.png */; };
		3A2A7C1821E7805D0083CB13 /* right-arrow-forward.png in Resources */ = {isa = PBXBuildFile; fileRef = 3A2A7C1321E7805D0083CB13 /* right-arrow-forward.png */; };
		3A2A7C1921E7805D0083CB13 /* refresh-button.png in Resources */ = {isa = PBXBuildFile; fileRef = 3A2A7C1421E7805D0083CB13 /* refresh-button.png */; };
		3A2A7C1A21E7805E0083CB13 /* maximize-2.png in Resources */ = {isa = PBXBuildFile; fileRef = 3A2A7C1521E7805D0083CB13 /* maximize-2.png */; };
		3A2A7C1C21E783D00083CB13 /* menu-button.png in Resources */ = {isa = PBXBuildFile; fileRef = 3A2A7C1B21E783D00083CB13 /* menu-button.png */; };
		3A2A7C1E21E7842F0083CB13 /* menu-2.png in Resources */ = {isa = PBXBuildFile; fileRef = 3A2A7C1D21E7842E0083CB13 /* menu-2.png */; };
		3A2A7C2021E784760083CB13 /* resize-arrows.png in Resources */ = {isa = PBXBuildFile; fileRef = 3A2A7C1F21E784760083CB13 /* resize-arrows.png */; };
		9675E1FC20855F6500A4A84A /* Foundation.framework in Frameworks */ = {isa = PBXBuildFile; fileRef = 9675E1FB20855F6500A4A84A /* Foundation.framework */; };
		9675E1FF20857AEF00A4A84A /* UIKit.framework in Frameworks */ = {isa = PBXBuildFile; fileRef = 9675E1FE20857AEF00A4A84A /* UIKit.framework */; };
		B002B8701BAE420500C744AF /* Main.storyboard in Resources */ = {isa = PBXBuildFile; fileRef = B002B86E1BAE420500C744AF /* Main.storyboard */; };
		B002B8721BAE420500C744AF /* Assets.xcassets in Resources */ = {isa = PBXBuildFile; fileRef = B002B8711BAE420500C744AF /* Assets.xcassets */; };
		/* Swift Files */
		AE0001012600000000000001 /* AppDelegate.swift in Sources */ = {isa = PBXBuildFile; fileRef = AE0001012600000000000000 /* AppDelegate.swift */; };
		AE0001022600000000000001 /* BrowserViewController.swift in Sources */ = {isa = PBXBuildFile; fileRef = AE0001022600000000000000 /* BrowserViewController.swift */; };
		AE0001032600000000000001 /* WebViewManager.swift in Sources */ = {isa = PBXBuildFile; fileRef = AE0001032600000000000000 /* WebViewManager.swift */; };
		AE0001042600000000000001 /* CursorController.swift in Sources */ = {isa = PBXBuildFile; fileRef = AE0001042600000000000000 /* CursorController.swift */; };
		AE0001052600000000000001 /* RemoteInputHandler.swift in Sources */ = {isa = PBXBuildFile; fileRef = AE0001052600000000000000 /* RemoteInputHandler.swift */; };
		AE0001062600000000000001 /* TopNavigationController.swift in Sources */ = {isa = PBXBuildFile; fileRef = AE0001062600000000000000 /* TopNavigationController.swift */; };
		AE0001072600000000000001 /* AlertPresenter.swift in Sources */ = {isa = PBXBuildFile; fileRef = AE0001072600000000000000 /* AlertPresenter.swift */; };
		AE0001082600000000000001 /* BrowserSettings.swift in Sources */ = {isa = PBXBuildFile; fileRef = AE0001082600000000000000 /* BrowserSettings.swift */; };
		AE0001092600000000000001 /* FavoritesManager.swift in Sources */ = {isa = PBXBuildFile; fileRef = AE0001092600000000000000 /* FavoritesManager.swift */; };
		AE00010A2600000000000001 /* HistoryManager.swift in Sources */ = {isa = PBXBuildFile; fileRef = AE00010A2600000000000000 /* HistoryManager.swift */; };
		AE00010B2600000000000001 /* UIImage+Cursors.swift in Sources */ = {isa = PBXBuildFile; fileRef = AE00010B2600000000000000 /* UIImage+Cursors.swift */; };
/* End PBXBuildFile section */

/* Begin PBXFileReference section */
		3A2A7C1121E7805D0083CB13 /* go-back-left-arrow.png */ = {isa = PBXFileReference; lastKnownFileType = image.png; path = "go-back-left-arrow.png"; sourceTree = "<group>"; };
		3A2A7C1221E7805D0083CB13 /* house-outline.png */ = {isa = PBXFileReference; lastKnownFileType = image.png; path = "house-outline.png"; sourceTree = "<group>"; };
		3A2A7C1321E7805D0083CB13 /* right-arrow-forward.png */ = {isa = PBXFileReference; lastKnownFileType = image.png; path = "right-arrow-forward.png"; sourceTree = "<group>"; };
		3A2A7C1421E7805D0083CB13 /* refresh-button.png */ = {isa = PBXFileReference; lastKnownFileType = image.png; path = "refresh-button.png"; sourceTree = "<group>"; };
		3A2A7C1521E7805D0083CB13 /* maximize-2.png */ = {isa = PBXFileReference; lastKnownFileType = image.png; path = "maximize-2.png"; sourceTree = "<group>"; };
		3A2A7C1B21E783D00083CB13 /* menu-button.png */ = {isa = PBXFileReference; lastKnownFileType = image.png; path = "menu-button.png"; sourceTree = "<group>"; };
		3A2A7C1D21E7842E0083CB13 /* menu-2.png */ = {isa = PBXFileReference; lastKnownFileType = image.png; path = "menu-2.png"; sourceTree = "<group>"; };
		3A2A7C1F21E784760083CB13 /* resize-arrows.png */ = {isa = PBXFileReference; lastKnownFileType = image.png; path = "resize-arrows.png"; sourceTree = "<group>"; };
		9675E1FB20855F6500A4A84A /* Foundation.framework */ = {isa = PBXFileReference; lastKnownFileType = wrapper.framework; name = Foundation.framework; path = System/Library/Frameworks/Foundation.framework; sourceTree = SDKROOT; };
		9675E1FE20857AEF00A4A84A /* UIKit.framework */ = {isa = PBXFileReference; lastKnownFileType = wrapper.framework; name = UIKit.framework; path = System/Library/Frameworks/UIKit.framework; sourceTree = SDKROOT; };
		B002B8621BAE420500C744AF /* Browser.app */ = {isa = PBXFileReference; explicitFileType = wrapper.application; includeInIndex = 0; path = Browser.app; sourceTree = BUILT_PRODUCTS_DIR; };
		B002B86F1BAE420500C744AF /* Base */ = {isa = PBXFileReference; lastKnownFileType = file.storyboard; name = Base; path = Base.lproj/Main.storyboard; sourceTree = "<group>"; };
		B002B8711BAE420500C744AF /* Assets.xcassets */ = {isa = PBXFileReference; lastKnownFileType = folder.assetcatalog; path = Assets.xcassets; sourceTree = "<group>"; };
		B002B8731BAE420500C744AF /* Info.plist */ = {isa = PBXFileReference; lastKnownFileType = text.plist.xml; path = Info.plist; sourceTree = "<group>"; };
		/* Swift Files */
		AE0001012600000000000000 /* AppDelegate.swift */ = {isa = PBXFileReference; lastKnownFileType = sourcecode.swift; path = AppDelegate.swift; sourceTree = "<group>"; };
		AE0001022600000000000000 /* BrowserViewController.swift */ = {isa = PBXFileReference; lastKnownFileType = sourcecode.swift; path = BrowserViewController.swift; sourceTree = "<group>"; };
		AE0001032600000000000000 /* WebViewManager.swift */ = {isa = PBXFileReference; lastKnownFileType = sourcecode.swift; path = WebViewManager.swift; sourceTree = "<group>"; };
		AE0001042600000000000000 /* CursorController.swift */ = {isa = PBXFileReference; lastKnownFileType = sourcecode.swift; path = CursorController.swift; sourceTree = "<group>"; };
		AE0001052600000000000000 /* RemoteInputHandler.swift */ = {isa = PBXFileReference; lastKnownFileType = sourcecode.swift; path = RemoteInputHandler.swift; sourceTree = "<group>"; };
		AE0001062600000000000000 /* TopNavigationController.swift */ = {isa = PBXFileReference; lastKnownFileType = sourcecode.swift; path = TopNavigationController.swift; sourceTree = "<group>"; };
		AE0001072600000000000000 /* AlertPresenter.swift */ = {isa = PBXFileReference; lastKnownFileType = sourcecode.swift; path = AlertPresenter.swift; sourceTree = "<group>"; };
		AE0001082600000000000000 /* BrowserSettings.swift */ = {isa = PBXFileReference; lastKnownFileType = sourcecode.swift; path = BrowserSettings.swift; sourceTree = "<group>"; };
		AE0001092600000000000000 /* FavoritesManager.swift */ = {isa = PBXFileReference; lastKnownFileType = sourcecode.swift; path = FavoritesManager.swift; sourceTree = "<group>"; };
		AE00010A2600000000000000 /* HistoryManager.swift */ = {isa = PBXFileReference; lastKnownFileType = sourcecode.swift; path = HistoryManager.swift; sourceTree = "<group>"; };
		AE00010B2600000000000000 /* UIImage+Cursors.swift */ = {isa = PBXFileReference; lastKnownFileType = sourcecode.swift; path = "UIImage+Cursors.swift"; sourceTree = "<group>"; };
/* End PBXFileReference section */

/* Begin PBXFrameworksBuildPhase section */
		B002B85F1BAE420500C744AF /* Frameworks */ = {
			isa = PBXFrameworksBuildPhase;
			buildActionMask = 2147483647;
			files = (
				9675E1FF20857AEF00A4A84A /* UIKit.framework in Frameworks */,
				9675E1FC20855F6500A4A84A /* Foundation.framework in Frameworks */,
			);
			runOnlyForDeploymentPostprocessing = 0;
		};
/* End PBXFrameworksBuildPhase section */

/* Begin PBXGroup section */
		3A2A7C0621E77E2C0083CB13 /* MenuIcons */ = {
			isa = PBXGroup;
			children = (
				3A2A7C1D21E7842E0083CB13 /* menu-2.png */,
				3A2A7C1F21E784760083CB13 /* resize-arrows.png */,
				3A2A7C1B21E783D00083CB13 /* menu-button.png */,
				3A2A7C1121E7805D0083CB13 /* go-back-left-arrow.png */,
				3A2A7C1221E7805D0083CB13 /* house-outline.png */,
				3A2A7C1521E7805D0083CB13 /* maximize-2.png */,
				3A2A7C1421E7805D0083CB13 /* refresh-button.png */,
				3A2A7C1321E7805D0083CB13 /* right-arrow-forward.png */,
			);
			name = MenuIcons;
			path = ../../Icons/MenuIcons;
			sourceTree = "<group>";
		};
		9675E1FA20855F6500A4A84A /* Frameworks */ = {
			isa = PBXGroup;
			children = (
				9675E1FE20857AEF00A4A84A /* UIKit.framework */,
				9675E1FB20855F6500A4A84A /* Foundation.framework */,
			);
			name = Frameworks;
			sourceTree = "<group>";
		};
		B002B8591BAE420500C744AF = {
			isa = PBXGroup;
			children = (
				B002B8641BAE420500C744AF /* Browser */,
				B002B8631BAE420500C744AF /* Products */,
				9675E1FA20855F6500A4A84A /* Frameworks */,
			);
			sourceTree = "<group>";
		};
		B002B8631BAE420500C744AF /* Products */ = {
			isa = PBXGroup;
			children = (
				B002B8621BAE420500C744AF /* Browser.app */,
			);
			name = Products;
			sourceTree = "<group>";
		};
		B002B8641BAE420500C744AF /* Browser */ = {
			isa = PBXGroup;
			children = (
				AE00010C2600000000000000 /* App */,
				AE00010D2600000000000000 /* Browser */,
				AE00010E2600000000000000 /* Input */,
				AE00010F2600000000000000 /* UI */,
				AE0001102600000000000000 /* Data */,
				AE0001112600000000000000 /* Extensions */,
				3A2A7C0621E77E2C0083CB13 /* MenuIcons */,
				B002B8651BAE420500C744AF /* Supporting Files */,
			);
			path = Browser;
			sourceTree = "<group>";
		};
		B002B8651BAE420500C744AF /* Supporting Files */ = {
			isa = PBXGroup;
			children = (
				B002B86E1BAE420500C744AF /* Main.storyboard */,
				B002B8711BAE420500C744AF /* Assets.xcassets */,
				B002B8731BAE420500C744AF /* Info.plist */,
			);
			name = "Supporting Files";
			sourceTree = "<group>";
		};
		AE00010C2600000000000000 /* App */ = {
			isa = PBXGroup;
			children = (
				AE0001012600000000000000 /* AppDelegate.swift */,
			);
			path = App;
			sourceTree = "<group>";
		};
		AE00010D2600000000000000 /* Browser */ = {
			isa = PBXGroup;
			children = (
				AE0001022600000000000000 /* BrowserViewController.swift */,
				AE0001032600000000000000 /* WebViewManager.swift */,
			);
			path = Browser;
			sourceTree = "<group>";
		};
		AE00010E2600000000000000 /* Input */ = {
			isa = PBXGroup;
			children = (
				AE0001042600000000000000 /* CursorController.swift */,
				AE0001052600000000000000 /* RemoteInputHandler.swift */,
			);
			path = Input;
			sourceTree = "<group>";
		};
		AE00010F2600000000000000 /* UI */ = {
			isa = PBXGroup;
			children = (
				AE0001062600000000000000 /* TopNavigationController.swift */,
				AE0001072600000000000000 /* AlertPresenter.swift */,
			);
			path = UI;
			sourceTree = "<group>";
		};
		AE0001102600000000000000 /* Data */ = {
			isa = PBXGroup;
			children = (
				AE0001082600000000000000 /* BrowserSettings.swift */,
				AE0001092600000000000000 /* FavoritesManager.swift */,
				AE00010A2600000000000000 /* HistoryManager.swift */,
			);
			path = Data;
			sourceTree = "<group>";
		};
		AE0001112600000000000000 /* Extensions */ = {
			isa = PBXGroup;
			children = (
				AE00010B2600000000000000 /* UIImage+Cursors.swift */,
			);
			path = Extensions;
			sourceTree = "<group>";
		};
/* End PBXGroup section */

/* Begin PBXNativeTarget section */
		B002B8611BAE420500C744AF /* Browser */ = {
			isa = PBXNativeTarget;
			buildConfigurationList = B002B8761BAE420500C744AF /* Build configuration list for PBXNativeTarget "Browser" */;
			buildPhases = (
				B002B85E1BAE420500C744AF /* Sources */,
				B002B85F1BAE420500C744AF /* Frameworks */,
				B002B8601BAE420500C744AF /* Resources */,
			);
			buildRules = (
			);
			dependencies = (
			);
			name = Browser;
			productName = Browser;
			productReference = B002B8621BAE420500C744AF /* Browser.app */;
			productType = "com.apple.product-type.application";
		};
/* End PBXNativeTarget section */

/* Begin PBXProject section */
		B002B85A1BAE420500C744AF /* Project object */ = {
			isa = PBXProject;
			attributes = {
				BuildIndependentTargetsInParallel = YES;
				LastSwiftUpdateCheck = 1500;
				LastUpgradeCheck = 1500;
				ORGANIZATIONNAME = AeroTV;
				TargetAttributes = {
					B002B8611BAE420500C744AF = {
						CreatedOnToolsVersion = 15.0;
						LastSwiftMigration = 1500;
					};
				};
			};
			buildConfigurationList = B002B85D1BAE420500C744AF /* Build configuration list for PBXProject "Browser" */;
			compatibilityVersion = "Xcode 14.0";
			developmentRegion = en;
			hasScannedForEncodings = 0;
			knownRegions = (
				en,
				Base,
			);
			mainGroup = B002B8591BAE420500C744AF;
			productRefGroup = B002B8631BAE420500C744AF /* Products */;
			projectDirPath = "";
			projectRoot = "";
			targets = (
				B002B8611BAE420500C744AF /* Browser */,
			);
		};
/* End PBXProject section */

/* Begin PBXResourcesBuildPhase section */
		B002B8601BAE420500C744AF /* Resources */ = {
			isa = PBXResourcesBuildPhase;
			buildActionMask = 2147483647;
			files = (
				3A2A7C1C21E783D00083CB13 /* menu-button.png in Resources */,
				3A2A7C2021E784760083CB13 /* resize-arrows.png in Resources */,
				B002B8721BAE420500C744AF /* Assets.xcassets in Resources */,
				B002B8701BAE420500C744AF /* Main.storyboard in Resources */,
				3A2A7C1821E7805D0083CB13 /* right-arrow-forward.png in Resources */,
				3A2A7C1E21E7842F0083CB13 /* menu-2.png in Resources */,
				3A2A7C1621E7805D0083CB13 /* go-back-left-arrow.png in Resources */,
				3A2A7C1921E7805D0083CB13 /* refresh-button.png in Resources */,
				3A2A7C1A21E7805E0083CB13 /* maximize-2.png in Resources */,
				3A2A7C1721E7805D0083CB13 /* house-outline.png in Resources */,
			);
			runOnlyForDeploymentPostprocessing = 0;
		};
/* End PBXResourcesBuildPhase section */

/* Begin PBXSourcesBuildPhase section */
		B002B85E1BAE420500C744AF /* Sources */ = {
			isa = PBXSourcesBuildPhase;
			buildActionMask = 2147483647;
			files = (
				AE0001012600000000000001 /* AppDelegate.swift in Sources */,
				AE0001022600000000000001 /* BrowserViewController.swift in Sources */,
				AE0001032600000000000001 /* WebViewManager.swift in Sources */,
				AE0001042600000000000001 /* CursorController.swift in Sources */,
				AE0001052600000000000001 /* RemoteInputHandler.swift in Sources */,
				AE0001062600000000000001 /* TopNavigationController.swift in Sources */,
				AE0001072600000000000001 /* AlertPresenter.swift in Sources */,
				AE0001082600000000000001 /* BrowserSettings.swift in Sources */,
				AE0001092600000000000001 /* FavoritesManager.swift in Sources */,
				AE00010A2600000000000001 /* HistoryManager.swift in Sources */,
				AE00010B2600000000000001 /* UIImage+Cursors.swift in Sources */,
			);
			runOnlyForDeploymentPostprocessing = 0;
		};
/* End PBXSourcesBuildPhase section */

/* Begin PBXVariantGroup section */
		B002B86E1BAE420500C744AF /* Main.storyboard */ = {
			isa = PBXVariantGroup;
			children = (
				B002B86F1BAE420500C744AF /* Base */,
			);
			name = Main.storyboard;
			sourceTree = "<group>";
		};
/* End PBXVariantGroup section */

/* Begin XCBuildConfiguration section */
		B002B8741BAE420500C744AF /* Debug */ = {
			isa = XCBuildConfiguration;
			buildSettings = {
				ALWAYS_SEARCH_USER_PATHS = NO;
				CLANG_ANALYZER_NONNULL = YES;
				CLANG_ANALYZER_NUMBER_OBJECT_CONVERSION = YES_AGGRESSIVE;
				CLANG_CXX_LANGUAGE_STANDARD = "gnu++20";
				CLANG_ENABLE_MODULES = YES;
				CLANG_ENABLE_OBJC_ARC = YES;
				CLANG_ENABLE_OBJC_WEAK = YES;
				CLANG_WARN_BLOCK_CAPTURE_AUTORELEASING = YES;
				CLANG_WARN_BOOL_CONVERSION = YES;
				CLANG_WARN_COMMA = YES;
				CLANG_WARN_CONSTANT_CONVERSION = YES;
				CLANG_WARN_DEPRECATED_OBJC_IMPLEMENTATIONS = YES;
				CLANG_WARN_DIRECT_OBJC_ISA_USAGE = YES_ERROR;
				CLANG_WARN_DOCUMENTATION_COMMENTS = YES;
				CLANG_WARN_EMPTY_BODY = YES;
				CLANG_WARN_ENUM_CONVERSION = YES;
				CLANG_WARN_INFINITE_RECURSION = YES;
				CLANG_WARN_INT_CONVERSION = YES;
				CLANG_WARN_NON_LITERAL_NULL_CONVERSION = YES;
				CLANG_WARN_OBJC_IMPLICIT_RETAIN_SELF = YES;
				CLANG_WARN_OBJC_LITERAL_CONVERSION = YES;
				CLANG_WARN_OBJC_ROOT_CLASS = YES_ERROR;
				CLANG_WARN_QUOTED_INCLUDE_IN_FRAMEWORK_HEADER = YES;
				CLANG_WARN_RANGE_LOOP_ANALYSIS = YES;
				CLANG_WARN_STRICT_PROTOTYPES = YES;
				CLANG_WARN_SUSPICIOUS_MOVE = YES;
				CLANG_WARN_UNGUARDED_AVAILABILITY = YES_AGGRESSIVE;
				CLANG_WARN_UNREACHABLE_CODE = YES;
				CLANG_WARN__DUPLICATE_METHOD_MATCH = YES;
				COPY_PHASE_STRIP = NO;
				DEBUG_INFORMATION_FORMAT = dwarf;
				ENABLE_STRICT_OBJC_MSGSEND = YES;
				ENABLE_TESTABILITY = YES;
				GCC_C_LANGUAGE_STANDARD = gnu17;
				GCC_DYNAMIC_NO_PIC = NO;
				GCC_NO_COMMON_BLOCKS = YES;
				GCC_OPTIMIZATION_LEVEL = 0;
				GCC_PREPROCESSOR_DEFINITIONS = (
					"DEBUG=1",
					"$(inherited)",
				);
				GCC_WARN_64_TO_32_BIT_CONVERSION = YES;
				GCC_WARN_ABOUT_RETURN_TYPE = YES_ERROR;
				GCC_WARN_UNDECLARED_SELECTOR = YES;
				GCC_WARN_UNINITIALIZED_AUTOS = YES_AGGRESSIVE;
				GCC_WARN_UNUSED_FUNCTION = YES;
				GCC_WARN_UNUSED_VARIABLE = YES;
				LOCALIZATION_PREFERS_STRING_CATALOGS = YES;
				MTL_ENABLE_DEBUG_INFO = INCLUDE_SOURCE;
				MTL_FAST_MATH = YES;
				ONLY_ACTIVE_ARCH = YES;
				SDKROOT = appletvos;
				SWIFT_ACTIVE_COMPILATION_CONDITIONS = "DEBUG $(inherited)";
				SWIFT_OPTIMIZATION_LEVEL = "-Onone";
				TARGETED_DEVICE_FAMILY = 3;
				TVOS_DEPLOYMENT_TARGET = 14.0;
			};
			name = Debug;
		};
		B002B8751BAE420500C744AF /* Release */ = {
			isa = XCBuildConfiguration;
			buildSettings = {
				ALWAYS_SEARCH_USER_PATHS = NO;
				CLANG_ANALYZER_NONNULL = YES;
				CLANG_ANALYZER_NUMBER_OBJECT_CONVERSION = YES_AGGRESSIVE;
				CLANG_CXX_LANGUAGE_STANDARD = "gnu++20";
				CLANG_ENABLE_MODULES = YES;
				CLANG_ENABLE_OBJC_ARC = YES;
				CLANG_ENABLE_OBJC_WEAK = YES;
				CLANG_WARN_BLOCK_CAPTURE_AUTORELEASING = YES;
				CLANG_WARN_BOOL_CONVERSION = YES;
				CLANG_WARN_COMMA = YES;
				CLANG_WARN_CONSTANT_CONVERSION = YES;
				CLANG_WARN_DEPRECATED_OBJC_IMPLEMENTATIONS = YES;
				CLANG_WARN_DIRECT_OBJC_ISA_USAGE = YES_ERROR;
				CLANG_WARN_DOCUMENTATION_COMMENTS = YES;
				CLANG_WARN_EMPTY_BODY = YES;
				CLANG_WARN_ENUM_CONVERSION = YES;
				CLANG_WARN_INFINITE_RECURSION = YES;
				CLANG_WARN_INT_CONVERSION = YES;
				CLANG_WARN_NON_LITERAL_NULL_CONVERSION = YES;
				CLANG_WARN_OBJC_IMPLICIT_RETAIN_SELF = YES;
				CLANG_WARN_OBJC_LITERAL_CONVERSION = YES;
				CLANG_WARN_OBJC_ROOT_CLASS = YES_ERROR;
				CLANG_WARN_QUOTED_INCLUDE_IN_FRAMEWORK_HEADER = YES;
				CLANG_WARN_RANGE_LOOP_ANALYSIS = YES;
				CLANG_WARN_STRICT_PROTOTYPES = YES;
				CLANG_WARN_SUSPICIOUS_MOVE = YES;
				CLANG_WARN_UNGUARDED_AVAILABILITY = YES_AGGRESSIVE;
				CLANG_WARN_UNREACHABLE_CODE = YES;
				CLANG_WARN__DUPLICATE_METHOD_MATCH = YES;
				COPY_PHASE_STRIP = NO;
				DEBUG_INFORMATION_FORMAT = "dwarf-with-dsym";
				ENABLE_NS_ASSERTIONS = NO;
				ENABLE_STRICT_OBJC_MSGSEND = YES;
				GCC_C_LANGUAGE_STANDARD = gnu17;
				GCC_NO_COMMON_BLOCKS = YES;
				GCC_WARN_64_TO_32_BIT_CONVERSION = YES;
				GCC_WARN_ABOUT_RETURN_TYPE = YES_ERROR;
				GCC_WARN_UNDECLARED_SELECTOR = YES;
				GCC_WARN_UNINITIALIZED_AUTOS = YES_AGGRESSIVE;
				GCC_WARN_UNUSED_FUNCTION = YES;
				GCC_WARN_UNUSED_VARIABLE = YES;
				LOCALIZATION_PREFERS_STRING_CATALOGS = YES;
				MTL_ENABLE_DEBUG_INFO = NO;
				MTL_FAST_MATH = YES;
				SDKROOT = appletvos;
				SWIFT_COMPILATION_MODE = wholemodule;
				TARGETED_DEVICE_FAMILY = 3;
				TVOS_DEPLOYMENT_TARGET = 14.0;
				VALIDATE_PRODUCT = YES;
			};
			name = Release;
		};
		B002B8771BAE420500C744AF /* Debug */ = {
			isa = XCBuildConfiguration;
			buildSettings = {
				ASSETCATALOG_COMPILER_APPICON_NAME = "App Icon & Top Shelf Image";
				ASSETCATALOG_COMPILER_LAUNCHIMAGE_NAME = LaunchImage;
				CLANG_ENABLE_MODULES = YES;
				CODE_SIGN_STYLE = Automatic;
				CURRENT_PROJECT_VERSION = 1;
				GENERATE_INFOPLIST_FILE = NO;
				INFOPLIST_FILE = Browser/Info.plist;
				INFOPLIST_KEY_UILaunchStoryboardName = "";
				INFOPLIST_KEY_UIMainStoryboardFile = Main;
				LD_RUNPATH_SEARCH_PATHS = (
					"$(inherited)",
					"@executable_path/Frameworks",
				);
				MARKETING_VERSION = 5.0;
				PRODUCT_BUNDLE_IDENTIFIER = com.aerotv.browser;
				PRODUCT_NAME = "$(TARGET_NAME)";
				SWIFT_EMIT_LOC_STRINGS = YES;
				SWIFT_OPTIMIZATION_LEVEL = "-Onone";
				SWIFT_VERSION = 5.0;
			};
			name = Debug;
		};
		B002B8781BAE420500C744AF /* Release */ = {
			isa = XCBuildConfiguration;
			buildSettings = {
				ASSETCATALOG_COMPILER_APPICON_NAME = "App Icon & Top Shelf Image";
				ASSETCATALOG_COMPILER_LAUNCHIMAGE_NAME = LaunchImage;
				CLANG_ENABLE_MODULES = YES;
				CODE_SIGN_STYLE = Automatic;
				CURRENT_PROJECT_VERSION = 1;
				GENERATE_INFOPLIST_FILE = NO;
				INFOPLIST_FILE = Browser/Info.plist;
				INFOPLIST_KEY_UILaunchStoryboardName = "";
				INFOPLIST_KEY_UIMainStoryboardFile = Main;
				LD_RUNPATH_SEARCH_PATHS = (
					"$(inherited)",
					"@executable_path/Frameworks",
				);
				MARKETING_VERSION = 5.0;
				PRODUCT_BUNDLE_IDENTIFIER = com.aerotv.browser;
				PRODUCT_NAME = "$(TARGET_NAME)";
				SWIFT_EMIT_LOC_STRINGS = YES;
				SWIFT_VERSION = 5.0;
			};
			name = Release;
		};
/* End XCBuildConfiguration section */

/* Begin XCConfigurationList section */
		B002B85D1BAE420500C744AF /* Build configuration list for PBXProject "Browser" */ = {
			isa = XCConfigurationList;
			buildConfigurations = (
				B002B8741BAE420500C744AF /* Debug */,
				B002B8751BAE420500C744AF /* Release */,
			);
			defaultConfigurationIsVisible = 0;
			defaultConfigurationName = Release;
		};
		B002B8761BAE420500C744AF /* Build configuration list for PBXNativeTarget "Browser" */ = {
			isa = XCConfigurationList;
			buildConfigurations = (
				B002B8771BAE420500C744AF /* Debug */,
				B002B8781BAE420500C744AF /* Release */,
			);
			defaultConfigurationIsVisible = 0;
			defaultConfigurationName = Release;
		};
/* End XCConfigurationList section */
	};
	rootObject = B002B85A1BAE420500C744AF /* Project object */;
}
